
Microsoft Visual Studio Solution File, Format Version 12.00
# Visual Studio 15
VisualStudioVersion = 15.0.28010.2016
MinimumVisualStudioVersion = 10.0.40219.1
Project("{9A19103F-16F7-4668-BE54-9A1E7A4F7556}") = "Beeping", "Beeping\Beeping.csproj", "{7D76ACA4-0D03-47BE-B159-C7D78C48E716}"
EndProject
Project("{9A19103F-16F7-4668-BE54-9A1E7A4F7556}") = "BeepingTests", "BeepingTests\BeepingTests.csproj", "{3E5827AD-8A6F-45CF-857D-726621BAB9F1}"
EndProject
Project("{9A19103F-16F7-4668-BE54-9A1E7A4F7556}") = "Beep Player", "Beep Player\Beep Player.csproj", "{C0828830-A70E-4FEB-B23F-CF2AEF15E0FB}"
EndProject
Project("{FAE04EC0-301F-11D3-BF4B-00C04F79EFBC}") = "TypeWriter", "Type\TypeWriter.csproj", "{0A27A675-B7AF-4A08-9B84-9D589E1BA4AF}"
EndProject
Global
	GlobalSection(SolutionConfigurationPlatforms) = preSolution
		Debug|Any CPU = Debug|Any CPU
		Release|Any CPU = Release|Any CPU
	EndGlobalSection
	GlobalSection(ProjectConfigurationPlatforms) = postSolution
		{7D76ACA4-0D03-47BE-B159-C7D78C48E716}.Debug|Any CPU.ActiveCfg = Debug|Any CPU
		{7D76ACA4-0D03-47BE-B159-C7D78C48E716}.Debug|Any CPU.Build.0 = Debug|Any CPU
		{7D76ACA4-0D03-47BE-B159-C7D78C48E716}.Release|Any CPU.ActiveCfg = Release|Any CPU
		{7D76ACA4-0D03-47BE-B159-C7D78C48E716}.Release|Any CPU.Build.0 = Release|Any CPU
		{3E5827AD-8A6F-45CF-857D-726621BAB9F1}.Debug|Any CPU.ActiveCfg = Debug|Any CPU
		{3E5827AD-8A6F-45CF-857D-726621BAB9F1}.Debug|Any CPU.Build.0 = Debug|Any CPU
		{3E5827AD-8A6F-45CF-857D-726621BAB9F1}.Release|Any CPU.ActiveCfg = Release|Any CPU
		{3E5827AD-8A6F-45CF-857D-726621BAB9F1}.Release|Any CPU.Build.0 = Release|Any CPU
		{C0828830-A70E-4FEB-B23F-CF2AEF15E0FB}.Debug|Any CPU.ActiveCfg = Debug|Any CPU
		{C0828830-A70E-4FEB-B23F-CF2AEF15E0FB}.Debug|Any CPU.Build.0 = Debug|Any CPU
		{C0828830-A70E-4FEB-B23F-CF2AEF15E0FB}.Release|Any CPU.ActiveCfg = Release|Any CPU
		{C0828830-A70E-4FEB-B23F-CF2AEF15E0FB}.Release|Any CPU.Build.0 = Release|Any CPU
		{0A27A675-B7AF-4A08-9B84-9D589E1BA4AF}.Debug|Any CPU.ActiveCfg = Debug|Any CPU
		{0A27A675-B7AF-4A08-9B84-9D589E1BA4AF}.Debug|Any CPU.Build.0 = Debug|Any CPU
		{0A27A675-B7AF-4A08-9B84-9D589E1BA4AF}.Release|Any CPU.ActiveCfg = Release|Any CPU
		{0A27A675-B7AF-4A08-9B84-9D589E1BA4AF}.Release|Any CPU.Build.0 = Release|Any CPU
	EndGlobalSection
	GlobalSection(SolutionProperties) = preSolution
		HideSolutionNode = FALSE
	EndGlobalSection
	GlobalSection(ExtensibilityGlobals) = postSolution
		SolutionGuid = {EC66122C-EAD1-4B4B-88D6-F64D298D34E8}
	EndGlobalSection
EndGlobal
